
Microsoft Visual Studio Solution File, Format Version 12.00
# Visual Studio Version 17
VisualStudioVersion = 17.0.31903.59
MinimumVisualStudioVersion = 10.0.40219.1
Project("{FAE04EC0-301F-11D3-BF4B-00C04F79EFBC}") = "Hanabi.Core", "Hanabi.Core\Hanabi.Core.csproj", "{62A4B1EC-906F-4E87-B9E4-9308035230FB}"
EndProject
Project("{FAE04EC0-301F-11D3-BF4B-00C04F79EFBC}") = "Hanabi.Cli", "Hanabi.Cli\Hanabi.Cli.csproj", "{36B2C1B9-71C0-4080-8D9E-5150F716F503}"
EndProject
Project("{FAE04EC0-301F-11D3-BF4B-00C04F79EFBC}") = "Hanabi.Tests", "Hanabi.Tests\Hanabi.Tests.csproj", "{5ED1E8D1-39C4-4111-86D5-8ACF24DDE1A4}"
EndProject
Global
	GlobalSection(SolutionConfigurationPlatforms) = preSolution
		Debug|Any CPU = Debug|Any CPU
		Release|Any CPU = Release|Any CPU
	EndGlobalSection
	GlobalSection(SolutionProperties) = preSolution
		HideSolutionNode = FALSE
	EndGlobalSection
	GlobalSection(ProjectConfigurationPlatforms) = postSolution
		{62A4B1EC-906F-4E87-B9E4-9308035230FB}.Debug|Any CPU.ActiveCfg = Debug|Any CPU
		{62A4B1EC-906F-4E87-B9E4-9308035230FB}.Debug|Any CPU.Build.0 = Debug|Any CPU
		{62A4B1EC-906F-4E87-B9E4-9308035230FB}.Release|Any CPU.ActiveCfg = Release|Any CPU
		{62A4B1EC-906F-4E87-B9E4-9308035230FB}.Release|Any CPU.Build.0 = Release|Any CPU
		{36B2C1B9-71C0-4080-8D9E-5150F716F503}.Debug|Any CPU.ActiveCfg = Debug|Any CPU
		{36B2C1B9-71C0-4080-8D9E-5150F716F503}.Debug|Any CPU.Build.0 = Debug|Any CPU
		{36B2C1B9-71C0-4080-8D9E-5150F716F503}.Release|Any CPU.ActiveCfg = Release|Any CPU
		{36B2C1B9-71C0-4080-8D9E-5150F716F503}.Release|Any CPU.Build.0 = Release|Any CPU
		{5ED1E8D1-39C4-4111-86D5-8ACF24DDE1A4}.Debug|Any CPU.ActiveCfg = Debug|Any CPU
		{5ED1E8D1-39C4-4111-86D5-8ACF24DDE1A4}.Debug|Any CPU.Build.0 = Debug|Any CPU
		{5ED1E8D1-39C4-4111-86D5-8ACF24DDE1A4}.Release|Any CPU.ActiveCfg = Release|Any CPU
		{5ED1E8D1-39C4-4111-86D5-8ACF24DDE1A4}.Release|Any CPU.Build.0 = Release|Any CPU
	EndGlobalSection
EndGlobal
